
Microsoft Visual Studio Solution File, Format Version 12.00
# Visual Studio Version 17
VisualStudioVersion = 17.0.31903.59
MinimumVisualStudioVersion = 10.0.40219.1
Project("{2150E333-8FDC-42A3-9474-1A3956D46DE8}") = "src", "src", "{1038D5B0-5627-4660-BD36-674B79E548B0}"
EndProject
Project("{FAE04EC0-301F-11D3-BF4B-00C04F79EFBC}") = "Library", "src\Library\Library.csproj", "{05A7AF46-4BC3-4DFF-BB28-2BE70FDFD677}"
EndProject
Project("{FAE04EC0-301F-11D3-BF4B-00C04F79EFBC}") = "Program", "src\Program\Program.csproj", "{8F091F0B-2F9F-49A3-AA16-E0B80811A2BA}"
EndProject
Project("{2150E333-8FDC-42A3-9474-1A3956D46DE8}") = "test", "test", "{E4D81426-7605-4A53-A8D4-D63E2CE6A9EF}"
EndProject
Project("{FAE04EC0-301F-11D3-BF4B-00C04F79EFBC}") = "Library.Tests", "test\Library.Tests\Library.Tests.csproj", "{1F0D2CAB-12D4-40F8-AA93-CB7CB9CA33AB}"
EndProject
Global
	GlobalSection(SolutionConfigurationPlatforms) = preSolution
		Debug|Any CPU = Debug|Any CPU
		Release|Any CPU = Release|Any CPU
	EndGlobalSection
	GlobalSection(SolutionProperties) = preSolution
		HideSolutionNode = FALSE
	EndGlobalSection
	GlobalSection(ProjectConfigurationPlatforms) = postSolution
		{05A7AF46-4BC3-4DFF-BB28-2BE70FDFD677}.Debug|Any CPU.ActiveCfg = Debug|Any CPU
		{05A7AF46-4BC3-4DFF-BB28-2BE70FDFD677}.Debug|Any CPU.Build.0 = Debug|Any CPU
		{05A7AF46-4BC3-4DFF-BB28-2BE70FDFD677}.Release|Any CPU.ActiveCfg = Release|Any CPU
		{05A7AF46-4BC3-4DFF-BB28-2BE70FDFD677}.Release|Any CPU.Build.0 = Release|Any CPU
		{8F091F0B-2F9F-49A3-AA16-E0B80811A2BA}.Debug|Any CPU.ActiveCfg = Debug|Any CPU
		{8F091F0B-2F9F-49A3-AA16-E0B80811A2BA}.Debug|Any CPU.Build.0 = Debug|Any CPU
		{8F091F0B-2F9F-49A3-AA16-E0B80811A2BA}.Release|Any CPU.ActiveCfg = Release|Any CPU
		{8F091F0B-2F9F-49A3-AA16-E0B80811A2BA}.Release|Any CPU.Build.0 = Release|Any CPU
		{1F0D2CAB-12D4-40F8-AA93-CB7CB9CA33AB}.Debug|Any CPU.ActiveCfg = Debug|Any CPU
		{1F0D2CAB-12D4-40F8-AA93-CB7CB9CA33AB}.Debug|Any CPU.Build.0 = Debug|Any CPU
		{1F0D2CAB-12D4-40F8-AA93-CB7CB9CA33AB}.Release|Any CPU.ActiveCfg = Release|Any CPU
		{1F0D2CAB-12D4-40F8-AA93-CB7CB9CA33AB}.Release|Any CPU.Build.0 = Release|Any CPU
	EndGlobalSection
	GlobalSection(NestedProjects) = preSolution
		{05A7AF46-4BC3-4DFF-BB28-2BE70FDFD677} = {1038D5B0-5627-4660-BD36-674B79E548B0}
		{8F091F0B-2F9F-49A3-AA16-E0B80811A2BA} = {1038D5B0-5627-4660-BD36-674B79E548B0}
		{1F0D2CAB-12D4-40F8-AA93-CB7CB9CA33AB} = {E4D81426-7605-4A53-A8D4-D63E2CE6A9EF}
	EndGlobalSection
EndGlobal
